
Microsoft Visual Studio Solution File, Format Version 12.00
# Visual Studio Version 18
VisualStudioVersion = 18.4.11612.150 stable
MinimumVisualStudioVersion = 10.0.40219.1
Project("{FAE04EC0-301F-11D3-BF4B-00C04F79EFBC}") = "ATS_Injector", "ATS_Injector\ATS_Injector.csproj", "{49E47DAA-7CDF-7765-3616-82AB6B93DB28}"
EndProject
Global
	GlobalSection(SolutionConfigurationPlatforms) = preSolution
		Debug|Any CPU = Debug|Any CPU
		Release|Any CPU = Release|Any CPU
	EndGlobalSection
	GlobalSection(ProjectConfigurationPlatforms) = postSolution
		{49E47DAA-7CDF-7765-3616-82AB6B93DB28}.Debug|Any CPU.ActiveCfg = Debug|Any CPU
		{49E47DAA-7CDF-7765-3616-82AB6B93DB28}.Debug|Any CPU.Build.0 = Debug|Any CPU
		{49E47DAA-7CDF-7765-3616-82AB6B93DB28}.Release|Any CPU.ActiveCfg = Release|Any CPU
		{49E47DAA-7CDF-7765-3616-82AB6B93DB28}.Release|Any CPU.Build.0 = Release|Any CPU
	EndGlobalSection
	GlobalSection(SolutionProperties) = preSolution
		HideSolutionNode = FALSE
	EndGlobalSection
	GlobalSection(ExtensibilityGlobals) = postSolution
		SolutionGuid = {224A00E2-77F9-43A2-BF92-414BB143E1BF}
	EndGlobalSection
EndGlobal
